
Microsoft Visual Studio Solution File, Format Version 12.00
# Visual Studio Version 16
VisualStudioVersion = 16.0.31025.194
MinimumVisualStudioVersion = 10.0.40219.1
Project("{FAE04EC0-301F-11D3-BF4B-00C04F79EFBC}") = "Jenet Projekt", "Jenet Projekt\Jenet Projekt.csproj", "{FC6050F0-157B-4332-B62C-E0D164B6108C}"
EndProject
Global
	GlobalSection(SolutionConfigurationPlatforms) = preSolution
		Debug|Any CPU = Debug|Any CPU
		Release|Any CPU = Release|Any CPU
	EndGlobalSection
	GlobalSection(ProjectConfigurationPlatforms) = postSolution
		{FC6050F0-157B-4332-B62C-E0D164B6108C}.Debug|Any CPU.ActiveCfg = Debug|Any CPU
		{FC6050F0-157B-4332-B62C-E0D164B6108C}.Debug|Any CPU.Build.0 = Debug|Any CPU
		{FC6050F0-157B-4332-B62C-E0D164B6108C}.Release|Any CPU.ActiveCfg = Release|Any CPU
		{FC6050F0-157B-4332-B62C-E0D164B6108C}.Release|Any CPU.Build.0 = Release|Any CPU
	EndGlobalSection
	GlobalSection(SolutionProperties) = preSolution
		HideSolutionNode = FALSE
	EndGlobalSection
	GlobalSection(ExtensibilityGlobals) = postSolution
		SolutionGuid = {F0A0FC9A-22DD-4241-ADE3-304AEF7B1A00}
	EndGlobalSection
EndGlobal
